
Microsoft Visual Studio Solution File, Format Version 12.00
# Visual Studio Version 17
VisualStudioVersion = 17.11.35222.181
MinimumVisualStudioVersion = 10.0.40219.1
Project("{9A19103F-16F7-4668-BE54-9A1E7A4F7556}") = "WindowsAuthentication.Api", "src\WindowsAuthentication.Api\WindowsAuthentication.Api.csproj", "{967E27BB-ACBF-43B1-BE70-421CEA2924E9}"
EndProject
Project("{2150E333-8FDC-42A3-9474-1A3956D46DE8}") = "Solution Items", "Solution Items", "{D8C22F29-1A28-4B3A-9D34-7AED859630AD}"
	ProjectSection(SolutionItems) = preProject
		.gitignore = .gitignore
		docker-compose.yml = docker-compose.yml
		Dockerfile = Dockerfile
		README.md = README.md
	EndProjectSection
EndProject
Global
	GlobalSection(SolutionConfigurationPlatforms) = preSolution
		Debug|Any CPU = Debug|Any CPU
		Release|Any CPU = Release|Any CPU
	EndGlobalSection
	GlobalSection(ProjectConfigurationPlatforms) = postSolution
		{967E27BB-ACBF-43B1-BE70-421CEA2924E9}.Debug|Any CPU.ActiveCfg = Debug|Any CPU
		{967E27BB-ACBF-43B1-BE70-421CEA2924E9}.Debug|Any CPU.Build.0 = Debug|Any CPU
		{967E27BB-ACBF-43B1-BE70-421CEA2924E9}.Release|Any CPU.ActiveCfg = Release|Any CPU
		{967E27BB-ACBF-43B1-BE70-421CEA2924E9}.Release|Any CPU.Build.0 = Release|Any CPU
	EndGlobalSection
	GlobalSection(SolutionProperties) = preSolution
		HideSolutionNode = FALSE
	EndGlobalSection
	GlobalSection(ExtensibilityGlobals) = postSolution
		SolutionGuid = {BACE30CB-3B26-4721-BD7A-360E9834297F}
	EndGlobalSection
EndGlobal
